PODS:
  - cmark (0.21.0)
  - CocoaMarkdown (1.0):
    - cmark (~> 0.21.0)
    - Ono (~> 1.1.3)
  - Ono (1.1.3)

DEPENDENCIES:
  - CocoaMarkdown (from `https://github.com/indragiek/CocoaMarkdown`)

EXTERNAL SOURCES:
  CocoaMarkdown:
    :git: https://github.com/indragiek/CocoaMarkdown

CHECKOUT OPTIONS:
  CocoaMarkdown:
    :commit: 0d8541a796101e0a6c55a04cd9a3279fc5997bbe
    :git: https://github.com/indragiek/CocoaMarkdown

SPEC CHECKSUMS:
  cmark: 0868ab0d93af82a0f3f4b69a313b5d2089af51c3
  CocoaMarkdown: 41f251503cd62c36e0fc1c34f8d33d4fce11bf29
  Ono: 49c7cc7e513718fe6c2a1f87fea80ea9272d0216

PODFILE CHECKSUM: fd97309c0ae0abbbfe9a2b773d534c4da2ec8e75

COCOAPODS: 1.0.1
