// !$*UTF8*$!
{
	archiveVersion = 1;
	classes = {
	};
	objectVersion = 46;
	objects = {

/* Begin PBXBuildFile section */
		650A93691D6759BF00857C3D /* String+Trimming.swift in Sources */ = {isa = PBXBuildFile; fileRef = 650A93681D6759BF00857C3D /* String+Trimming.swift */; };
		6541DFC81D5C949400879766 /* Arguments.swift in Sources */ = {isa = PBXBuildFile; fileRef = 6541DFC71D5C949400879766 /* Arguments.swift */; };
		6541DFCC1D5CBD8300879766 /* MarkdownDocumentParser.swift in Sources */ = {isa = PBXBuildFile; fileRef = 6541DFCB1D5CBD8300879766 /* MarkdownDocumentParser.swift */; };
		6541DFCE1D5CBFFF00879766 /* TestSpec.swift in Sources */ = {isa = PBXBuildFile; fileRef = 6541DFCD1D5CBFFF00879766 /* TestSpec.swift */; };
		6553E8D81D5DCB79004EE0FC /* MarkdownTableParser.swift in Sources */ = {isa = PBXBuildFile; fileRef = 6553E8D71D5DCB79004EE0FC /* MarkdownTableParser.swift */; };
		6553E8DA1D5E041E004EE0FC /* TestGenerator.swift in Sources */ = {isa = PBXBuildFile; fileRef = 6553E8D91D5E041E004EE0FC /* TestGenerator.swift */; };
		65BCCFEA1D59E7E30062E238 /* main.swift in Sources */ = {isa = PBXBuildFile; fileRef = 65BCCFE91D59E7E30062E238 /* main.swift */; };
		65C051E51D58AC330008892C /* AppDelegate.swift in Sources */ = {isa = PBXBuildFile; fileRef = 65C051E41D58AC330008892C /* AppDelegate.swift */; };
		65C051E71D58AC330008892C /* ViewController.swift in Sources */ = {isa = PBXBuildFile; fileRef = 65C051E61D58AC330008892C /* ViewController.swift */; };
		65C051EA1D58AC330008892C /* Main.storyboard in Resources */ = {isa = PBXBuildFile; fileRef = 65C051E81D58AC330008892C /* Main.storyboard */; };
		65C051EC1D58AC330008892C /* Assets.xcassets in Resources */ = {isa = PBXBuildFile; fileRef = 65C051EB1D58AC330008892C /* Assets.xcassets */; };
		65C051EF1D58AC330008892C /* LaunchScreen.storyboard in Resources */ = {isa = PBXBuildFile; fileRef = 65C051ED1D58AC330008892C /* LaunchScreen.storyboard */; };
		65E31AFD1D8B3BF100488065 /* ImageTests.md in Sources */ = {isa = PBXBuildFile; fileRef = 65E31AFB1D8B35DB00488065 /* ImageTests.md */; };
		65FFF95D1D8D2BF200E4BCF0 /* DateFormatting.md in Sources */ = {isa = PBXBuildFile; fileRef = 65FFF95C1D8D2BF200E4BCF0 /* DateFormatting.md */; };
		65FFF9611D8D2D4400E4BCF0 /* DateFormatting_DateFormattingRunner.swift in Sources */ = {isa = PBXBuildFile; fileRef = 65FFF9601D8D2D4400E4BCF0 /* DateFormatting_DateFormattingRunner.swift */; };
		65FFF9631D8D2DD800E4BCF0 /* DateFormatting_DateFormattingTests.swift in Sources */ = {isa = PBXBuildFile; fileRef = 65FFF9621D8D2DD800E4BCF0 /* DateFormatting_DateFormattingTests.swift */; };
		65FFF9671D8D9EA100E4BCF0 /* DateFormatter.swift in Sources */ = {isa = PBXBuildFile; fileRef = 65FFF9641D8D9C5D00E4BCF0 /* DateFormatter.swift */; };
		65FFF9681D8D9EA800E4BCF0 /* DateFormatter.swift in Sources */ = {isa = PBXBuildFile; fileRef = 65FFF9641D8D9C5D00E4BCF0 /* DateFormatter.swift */; };
/* End PBXBuildFile section */

/* Begin PBXContainerItemProxy section */
		65C051F41D58AC420008892C /* PBXContainerItemProxy */ = {
			isa = PBXContainerItemProxy;
			containerPortal = 65C051BA1D58ABAD0008892C /* Project object */;
			proxyType = 1;
			remoteGlobalIDString = 65C051E11D58AC330008892C;
			remoteInfo = AcceptanceMarkDemo;
		};
/* End PBXContainerItemProxy section */

/* Begin PBXCopyFilesBuildPhase section */
		65BCCFE51D59E7E30062E238 /* CopyFiles */ = {
			isa = PBXCopyFilesBuildPhase;
			buildActionMask = 2147483647;
			dstPath = /usr/share/man/man1/;
			dstSubfolderSpec = 0;
			files = (
			);
			runOnlyForDeploymentPostprocessing = 1;
		};
/* End PBXCopyFilesBuildPhase section */

/* Begin PBXFileReference section */
		650A93681D6759BF00857C3D /* String+Trimming.swift */ = {isa = PBXFileReference; fileEncoding = 4; lastKnownFileType = sourcecode.swift; path = "String+Trimming.swift"; sourceTree = "<group>"; };
		6541DFC71D5C949400879766 /* Arguments.swift */ = {isa = PBXFileReference; fileEncoding = 4; lastKnownFileType = sourcecode.swift; path = Arguments.swift; sourceTree = "<group>"; };
		6541DFCB1D5CBD8300879766 /* MarkdownDocumentParser.swift */ = {isa = PBXFileReference; fileEncoding = 4; lastKnownFileType = sourcecode.swift; path = MarkdownDocumentParser.swift; sourceTree = "<group>"; };
		6541DFCD1D5CBFFF00879766 /* TestSpec.swift */ = {isa = PBXFileReference; fileEncoding = 4; lastKnownFileType = sourcecode.swift; path = TestSpec.swift; sourceTree = "<group>"; };
		6553E8D71D5DCB79004EE0FC /* MarkdownTableParser.swift */ = {isa = PBXFileReference; fileEncoding = 4; lastKnownFileType = sourcecode.swift; path = MarkdownTableParser.swift; sourceTree = "<group>"; };
		6553E8D91D5E041E004EE0FC /* TestGenerator.swift */ = {isa = PBXFileReference; fileEncoding = 4; lastKnownFileType = sourcecode.swift; path = TestGenerator.swift; sourceTree = "<group>"; };
		65BCCFE71D59E7E30062E238 /* amtool */ = {isa = PBXFileReference; explicitFileType = "compiled.mach-o.executable"; includeInIndex = 0; path = amtool; sourceTree = BUILT_PRODUCTS_DIR; };
		65BCCFE91D59E7E30062E238 /* main.swift */ = {isa = PBXFileReference; lastKnownFileType = sourcecode.swift; path = main.swift; sourceTree = "<group>"; };
		65BCCFEE1D5A29340062E238 /* amtool-spec.md */ = {isa = PBXFileReference; lastKnownFileType = net.daringfireball.markdown; path = "amtool-spec.md"; sourceTree = "<group>"; };
		65BCCFEF1D5A29340062E238 /* README.md */ = {isa = PBXFileReference; lastKnownFileType = net.daringfireball.markdown; path = README.md; sourceTree = "<group>"; };
		65C051D21D58ABE80008892C /* AcceptanceMarkDemoTests.xctest */ = {isa = PBXFileReference; explicitFileType = wrapper.cfbundle; includeInIndex = 0; path = AcceptanceMarkDemoTests.xctest; sourceTree = BUILT_PRODUCTS_DIR; };
		65C051D61D58ABE80008892C /* Info.plist */ = {isa = PBXFileReference; lastKnownFileType = text.plist.xml; path = Info.plist; sourceTree = "<group>"; };
		65C051DB1D58AC0A0008892C /* ImageTests_ImageLoadingRunner.swift */ = {isa = PBXFileReference; fileEncoding = 4; lastKnownFileType = sourcecode.swift; path = ImageTests_ImageLoadingRunner.swift; sourceTree = "<group>"; };
		65C051E21D58AC330008892C /* AcceptanceMarkDemo.app */ = {isa = PBXFileReference; explicitFileType = wrapper.application; includeInIndex = 0; path = AcceptanceMarkDemo.app; sourceTree = BUILT_PRODUCTS_DIR; };
		65C051E41D58AC330008892C /* AppDelegate.swift */ = {isa = PBXFileReference; lastKnownFileType = sourcecode.swift; path = AppDelegate.swift; sourceTree = "<group>"; };
		65C051E61D58AC330008892C /* ViewController.swift */ = {isa = PBXFileReference; lastKnownFileType = sourcecode.swift; path = ViewController.swift; sourceTree = "<group>"; };
		65C051E91D58AC330008892C /* Base */ = {isa = PBXFileReference; lastKnownFileType = file.storyboard; name = Base; path = Base.lproj/Main.storyboard; sourceTree = "<group>"; };
		65C051EB1D58AC330008892C /* Assets.xcassets */ = {isa = PBXFileReference; lastKnownFileType = folder.assetcatalog; path = Assets.xcassets; sourceTree = "<group>"; };
		65C051EE1D58AC330008892C /* Base */ = {isa = PBXFileReference; lastKnownFileType = file.storyboard; name = Base; path = Base.lproj/LaunchScreen.storyboard; sourceTree = "<group>"; };
		65C051F01D58AC330008892C /* Info.plist */ = {isa = PBXFileReference; lastKnownFileType = text.plist.xml; path = Info.plist; sourceTree = "<group>"; };
		65E31AFB1D8B35DB00488065 /* ImageTests.md */ = {isa = PBXFileReference; fileEncoding = 4; lastKnownFileType = net.daringfireball.markdown; path = ImageTests.md; sourceTree = "<group>"; };
		65FFF95A1D8C712800E4BCF0 /* ImageTests_ImageLoadingTests.swift */ = {isa = PBXFileReference; fileEncoding = 4; lastKnownFileType = sourcecode.swift; path = ImageTests_ImageLoadingTests.swift; sourceTree = "<group>"; };
		65FFF95C1D8D2BF200E4BCF0 /* DateFormatting.md */ = {isa = PBXFileReference; fileEncoding = 4; lastKnownFileType = net.daringfireball.markdown; path = DateFormatting.md; sourceTree = "<group>"; };
		65FFF9601D8D2D4400E4BCF0 /* DateFormatting_DateFormattingRunner.swift */ = {isa = PBXFileReference; fileEncoding = 4; lastKnownFileType = sourcecode.swift; path = DateFormatting_DateFormattingRunner.swift; sourceTree = "<group>"; };
		65FFF9621D8D2DD800E4BCF0 /* DateFormatting_DateFormattingTests.swift */ = {isa = PBXFileReference; fileEncoding = 4; lastKnownFileType = sourcecode.swift; path = DateFormatting_DateFormattingTests.swift; sourceTree = "<group>"; };
		65FFF9641D8D9C5D00E4BCF0 /* DateFormatter.swift */ = {isa = PBXFileReference; fileEncoding = 4; lastKnownFileType = sourcecode.swift; path = DateFormatter.swift; sourceTree = "<group>"; };
		A758C14CE7379AD0E3954562 /* libPods-amtool.a */ = {isa = PBXFileReference; explicitFileType = archive.ar; includeInIndex = 0; path = "libPods-amtool.a"; sourceTree = BUILT_PRODUCTS_DIR; };
		D128B03E3CD2CA3711855BDB /* Pods-amtool.release.xcconfig */ = {isa = PBXFileReference; includeInIndex = 1; lastKnownFileType = text.xcconfig; name = "Pods-amtool.release.xcconfig"; path = "Pods/Target Support Files/Pods-amtool/Pods-amtool.release.xcconfig"; sourceTree = "<group>"; };
		EF93B81C245EAE4A66E2804E /* Pods-amtool.debug.xcconfig */ = {isa = PBXFileReference; includeInIndex = 1; lastKnownFileType = text.xcconfig; name = "Pods-amtool.debug.xcconfig"; path = "Pods/Target Support Files/Pods-amtool/Pods-amtool.debug.xcconfig"; sourceTree = "<group>"; };
/* End PBXFileReference section */

/* Begin PBXFrameworksBuildPhase section */
		65BCCFE41D59E7E30062E238 /* Frameworks */ = {
			isa = PBXFrameworksBuildPhase;
			buildActionMask = 2147483647;
			files = (
			);
			runOnlyForDeploymentPostprocessing = 0;
		};
		65C051CF1D58ABE80008892C /* Frameworks */ = {
			isa = PBXFrameworksBuildPhase;
			buildActionMask = 2147483647;
			files = (
			);
			runOnlyForDeploymentPostprocessing = 0;
		};
		65C051DF1D58AC330008892C /* Frameworks */ = {
			isa = PBXFrameworksBuildPhase;
			buildActionMask = 2147483647;
			files = (
			);
			runOnlyForDeploymentPostprocessing = 0;
		};
/* End PBXFrameworksBuildPhase section */

/* Begin PBXGroup section */
		282D2B674C1DC72401B397FF /* Pods */ = {
			isa = PBXGroup;
			children = (
				EF93B81C245EAE4A66E2804E /* Pods-amtool.debug.xcconfig */,
				D128B03E3CD2CA3711855BDB /* Pods-amtool.release.xcconfig */,
			);
			name = Pods;
			sourceTree = "<group>";
		};
		4E77363891215E8726CEC5C1 /* Frameworks */ = {
			isa = PBXGroup;
			children = (
				A758C14CE7379AD0E3954562 /* libPods-amtool.a */,
			);
			name = Frameworks;
			sourceTree = "<group>";
		};
		65BCCFE81D59E7E30062E238 /* amtool */ = {
			isa = PBXGroup;
			children = (
				6541DFC71D5C949400879766 /* Arguments.swift */,
				6541DFCB1D5CBD8300879766 /* MarkdownDocumentParser.swift */,
				6553E8D71D5DCB79004EE0FC /* MarkdownTableParser.swift */,
				6553E8D91D5E041E004EE0FC /* TestGenerator.swift */,
				6541DFCD1D5CBFFF00879766 /* TestSpec.swift */,
				65BCCFE91D59E7E30062E238 /* main.swift */,
				650A93681D6759BF00857C3D /* String+Trimming.swift */,
			);
			path = amtool;
			sourceTree = "<group>";
		};
		65C051B91D58ABAD0008892C = {
			isa = PBXGroup;
			children = (
				65BCCFEE1D5A29340062E238 /* amtool-spec.md */,
				65BCCFEF1D5A29340062E238 /* README.md */,
				65C051E31D58AC330008892C /* AcceptanceMarkDemo */,
				65C051D31D58ABE80008892C /* AcceptanceMarkDemoTests */,
				65BCCFE81D59E7E30062E238 /* amtool */,
				65C051C41D58ABAD0008892C /* Products */,
				282D2B674C1DC72401B397FF /* Pods */,
				4E77363891215E8726CEC5C1 /* Frameworks */,
			);
			sourceTree = "<group>";
		};
		65C051C41D58ABAD0008892C /* Products */ = {
			isa = PBXGroup;
			children = (
				65C051D21D58ABE80008892C /* AcceptanceMarkDemoTests.xctest */,
				65C051E21D58AC330008892C /* AcceptanceMarkDemo.app */,
				65BCCFE71D59E7E30062E238 /* amtool */,
			);
			name = Products;
			sourceTree = "<group>";
		};
		65C051D31D58ABE80008892C /* AcceptanceMarkDemoTests */ = {
			isa = PBXGroup;
			children = (
				65FFF95C1D8D2BF200E4BCF0 /* DateFormatting.md */,
				65FFF9621D8D2DD800E4BCF0 /* DateFormatting_DateFormattingTests.swift */,
				65FFF9601D8D2D4400E4BCF0 /* DateFormatting_DateFormattingRunner.swift */,
				65E31AFB1D8B35DB00488065 /* ImageTests.md */,
				65FFF95A1D8C712800E4BCF0 /* ImageTests_ImageLoadingTests.swift */,
				65C051DB1D58AC0A0008892C /* ImageTests_ImageLoadingRunner.swift */,
				65C051D61D58ABE80008892C /* Info.plist */,
			);
			path = AcceptanceMarkDemoTests;
			sourceTree = "<group>";
		};
		65C051E31D58AC330008892C /* AcceptanceMarkDemo */ = {
			isa = PBXGroup;
			children = (
				65C051E41D58AC330008892C /* AppDelegate.swift */,
				65C051E61D58AC330008892C /* ViewController.swift */,
				65C051E81D58AC330008892C /* Main.storyboard */,
				65C051EB1D58AC330008892C /* Assets.xcassets */,
				65C051ED1D58AC330008892C /* LaunchScreen.storyboard */,
				65C051F01D58AC330008892C /* Info.plist */,
				65FFF9641D8D9C5D00E4BCF0 /* DateFormatter.swift */,
			);
			path = AcceptanceMarkDemo;
			sourceTree = SOURCE_ROOT;
		};
/* End PBXGroup section */

/* Begin PBXNativeTarget section */
		65BCCFE61D59E7E30062E238 /* amtool */ = {
			isa = PBXNativeTarget;
			buildConfigurationList = 65BCCFEB1D59E7E30062E238 /* Build configuration list for PBXNativeTarget "amtool" */;
			buildPhases = (
				65BCCFE31D59E7E30062E238 /* Sources */,
				65BCCFE41D59E7E30062E238 /* Frameworks */,
				65BCCFE51D59E7E30062E238 /* CopyFiles */,
				6541DFC41D5C8B3400879766 /* Resources */,
			);
			buildRules = (
			);
			dependencies = (
			);
			name = amtool;
			productName = amtool;
			productReference = 65BCCFE71D59E7E30062E238 /* amtool */;
			productType = "com.apple.product-type.tool";
		};
		65C051D11D58ABE80008892C /* AcceptanceMarkDemoTests */ = {
			isa = PBXNativeTarget;
			buildConfigurationList = 65C051D71D58ABE80008892C /* Build configuration list for PBXNativeTarget "AcceptanceMarkDemoTests" */;
			buildPhases = (
				65C051CE1D58ABE80008892C /* Sources */,
				65C051CF1D58ABE80008892C /* Frameworks */,
				65C051D01D58ABE80008892C /* Resources */,
			);
			buildRules = (
			);
			dependencies = (
				65C051F51D58AC420008892C /* PBXTargetDependency */,
			);
			name = AcceptanceMarkDemoTests;
			productName = AcceptanceMarkDemoTests;
			productReference = 65C051D21D58ABE80008892C /* AcceptanceMarkDemoTests.xctest */;
			productType = "com.apple.product-type.bundle.unit-test";
		};
		65C051E11D58AC330008892C /* AcceptanceMarkDemo */ = {
			isa = PBXNativeTarget;
			buildConfigurationList = 65C051F11D58AC330008892C /* Build configuration list for PBXNativeTarget "AcceptanceMarkDemo" */;
			buildPhases = (
				65BCCFE21D59E4570062E238 /* ShellScript */,
				65C051DE1D58AC330008892C /* Sources */,
				65C051DF1D58AC330008892C /* Frameworks */,
				65C051E01D58AC330008892C /* Resources */,
			);
			buildRules = (
			);
			dependencies = (
			);
			name = AcceptanceMarkDemo;
			productName = AcceptanceMarkDemo;
			productReference = 65C051E21D58AC330008892C /* AcceptanceMarkDemo.app */;
			productType = "com.apple.product-type.application";
		};
/* End PBXNativeTarget section */

/* Begin PBXProject section */
		65C051BA1D58ABAD0008892C /* Project object */ = {
			isa = PBXProject;
			attributes = {
				LastSwiftUpdateCheck = 0800;
				LastUpgradeCheck = 0800;
				ORGANIZATIONNAME = musevisions;
				TargetAttributes = {
					65BCCFE61D59E7E30062E238 = {
						CreatedOnToolsVersion = 8.0;
						DevelopmentTeam = M54ZVB688G;
						ProvisioningStyle = Automatic;
					};
					65C051D11D58ABE80008892C = {
						CreatedOnToolsVersion = 8.0;
						DevelopmentTeam = M54ZVB688G;
						ProvisioningStyle = Automatic;
						TestTargetID = 65C051E11D58AC330008892C;
					};
					65C051E11D58AC330008892C = {
						CreatedOnToolsVersion = 8.0;
						DevelopmentTeam = M54ZVB688G;
						ProvisioningStyle = Automatic;
					};
				};
			};
			buildConfigurationList = 65C051BD1D58ABAD0008892C /* Build configuration list for PBXProject "AcceptanceMark" */;
			compatibilityVersion = "Xcode 3.2";
			developmentRegion = English;
			hasScannedForEncodings = 0;
			knownRegions = (
				en,
				Base,
			);
			mainGroup = 65C051B91D58ABAD0008892C;
			productRefGroup = 65C051C41D58ABAD0008892C /* Products */;
			projectDirPath = "";
			projectRoot = "";
			targets = (
				65C051D11D58ABE80008892C /* AcceptanceMarkDemoTests */,
				65C051E11D58AC330008892C /* AcceptanceMarkDemo */,
				65BCCFE61D59E7E30062E238 /* amtool */,
			);
		};
/* End PBXProject section */

/* Begin PBXResourcesBuildPhase section */
		6541DFC41D5C8B3400879766 /* Resources */ = {
			isa = PBXResourcesBuildPhase;
			buildActionMask = 2147483647;
			files = (
			);
			runOnlyForDeploymentPostprocessing = 0;
		};
		65C051D01D58ABE80008892C /* Resources */ = {
			isa = PBXResourcesBuildPhase;
			buildActionMask = 2147483647;
			files = (
			);
			runOnlyForDeploymentPostprocessing = 0;
		};
		65C051E01D58AC330008892C /* Resources */ = {
			isa = PBXResourcesBuildPhase;
			buildActionMask = 2147483647;
			files = (
				65C051EF1D58AC330008892C /* LaunchScreen.storyboard in Resources */,
				65C051EC1D58AC330008892C /* Assets.xcassets in Resources */,
				65C051EA1D58AC330008892C /* Main.storyboard in Resources */,
			);
			runOnlyForDeploymentPostprocessing = 0;
		};
/* End PBXResourcesBuildPhase section */

/* Begin PBXShellScriptBuildPhase section */
		65BCCFE21D59E4570062E238 /* ShellScript */ = {
			isa = PBXShellScriptBuildPhase;
			buildActionMask = 2147483647;
			files = (
			);
			inputPaths = (
			);
			outputPaths = (
			);
			runOnlyForDeploymentPostprocessing = 0;
			shellPath = /bin/sh;
			shellScript = "#./amtool --input-dir acceptance-tests/";
		};
/* End PBXShellScriptBuildPhase section */

/* Begin PBXSourcesBuildPhase section */
		65BCCFE31D59E7E30062E238 /* Sources */ = {
			isa = PBXSourcesBuildPhase;
			buildActionMask = 2147483647;
			files = (
				6541DFC81D5C949400879766 /* Arguments.swift in Sources */,
				650A93691D6759BF00857C3D /* String+Trimming.swift in Sources */,
				6541DFCE1D5CBFFF00879766 /* TestSpec.swift in Sources */,
				6553E8D81D5DCB79004EE0FC /* MarkdownTableParser.swift in Sources */,
				6553E8DA1D5E041E004EE0FC /* TestGenerator.swift in Sources */,
				65BCCFEA1D59E7E30062E238 /* main.swift in Sources */,
				6541DFCC1D5CBD8300879766 /* MarkdownDocumentParser.swift in Sources */,
			);
			runOnlyForDeploymentPostprocessing = 0;
		};
		65C051CE1D58ABE80008892C /* Sources */ = {
			isa = PBXSourcesBuildPhase;
			buildActionMask = 2147483647;
			files = (
				65E31AFD1D8B3BF100488065 /* ImageTests.md in Sources */,
				65FFF9631D8D2DD800E4BCF0 /* DateFormatting_DateFormattingTests.swift in Sources */,
				65FFF9611D8D2D4400E4BCF0 /* DateFormatting_DateFormattingRunner.swift in Sources */,
				65FFF95D1D8D2BF200E4BCF0 /* DateFormatting.md in Sources */,
				65FFF9681D8D9EA800E4BCF0 /* DateFormatter.swift in Sources */,
			);
			runOnlyForDeploymentPostprocessing = 0;
		};
		65C051DE1D58AC330008892C /* Sources */ = {
			isa = PBXSourcesBuildPhase;
			buildActionMask = 2147483647;
			files = (
				65FFF9671D8D9EA100E4BCF0 /* DateFormatter.swift in Sources */,
				65C051E71D58AC330008892C /* ViewController.swift in Sources */,
				65C051E51D58AC330008892C /* AppDelegate.swift in Sources */,
			);
			runOnlyForDeploymentPostprocessing = 0;
		};
/* End PBXSourcesBuildPhase section */

/* Begin PBXTargetDependency section */
		65C051F51D58AC420008892C /* PBXTargetDependency */ = {
			isa = PBXTargetDependency;
			target = 65C051E11D58AC330008892C /* AcceptanceMarkDemo */;
			targetProxy = 65C051F41D58AC420008892C /* PBXContainerItemProxy */;
		};
/* End PBXTargetDependency section */

/* Begin PBXVariantGroup section */
		65C051E81D58AC330008892C /* Main.storyboard */ = {
			isa = PBXVariantGroup;
			children = (
				65C051E91D58AC330008892C /* Base */,
			);
			name = Main.storyboard;
			sourceTree = "<group>";
		};
		65C051ED1D58AC330008892C /* LaunchScreen.storyboard */ = {
			isa = PBXVariantGroup;
			children = (
				65C051EE1D58AC330008892C /* Base */,
			);
			name = LaunchScreen.storyboard;
			sourceTree = "<group>";
		};
/* End PBXVariantGroup section */

/* Begin XCBuildConfiguration section */
		65BCCFEC1D59E7E30062E238 /* Debug */ = {
			isa = XCBuildConfiguration;
			buildSettings = {
				CODE_SIGN_IDENTITY = "-";
				DEVELOPMENT_TEAM = M54ZVB688G;
				MACOSX_DEPLOYMENT_TARGET = 10.12;
				PRODUCT_NAME = "$(TARGET_NAME)";
				SDKROOT = macosx;
				SWIFT_VERSION = 3.0;
			};
			name = Debug;
		};
		65BCCFED1D59E7E30062E238 /* Release */ = {
			isa = XCBuildConfiguration;
			buildSettings = {
				CODE_SIGN_IDENTITY = "-";
				DEVELOPMENT_TEAM = M54ZVB688G;
				MACOSX_DEPLOYMENT_TARGET = 10.12;
				PRODUCT_NAME = "$(TARGET_NAME)";
				SDKROOT = macosx;
				SWIFT_VERSION = 3.0;
			};
			name = Release;
		};
		65C051C91D58ABAD0008892C /* Debug */ = {
			isa = XCBuildConfiguration;
			buildSettings = {
				ALWAYS_SEARCH_USER_PATHS = NO;
				CLANG_ANALYZER_NONNULL = YES;
				CLANG_CXX_LANGUAGE_STANDARD = "gnu++0x";
				CLANG_CXX_LIBRARY = "libc++";
				CLANG_ENABLE_MODULES = YES;
				CLANG_ENABLE_OBJC_ARC = YES;
				CLANG_WARN_BOOL_CONVERSION = YES;
				CLANG_WARN_CONSTANT_CONVERSION = YES;
				CLANG_WARN_DIRECT_OBJC_ISA_USAGE = YES_ERROR;
				CLANG_WARN_DOCUMENTATION_COMMENTS = YES;
				CLANG_WARN_EMPTY_BODY = YES;
				CLANG_WARN_ENUM_CONVERSION = YES;
				CLANG_WARN_INFINITE_RECURSION = YES;
				CLANG_WARN_INT_CONVERSION = YES;
				CLANG_WARN_OBJC_ROOT_CLASS = YES_ERROR;
				CLANG_WARN_SUSPICIOUS_MOVES = YES;
				CLANG_WARN_UNREACHABLE_CODE = YES;
				CLANG_WARN__DUPLICATE_METHOD_MATCH = YES;
				"CODE_SIGN_IDENTITY[sdk=iphoneos*]" = "iPhone Developer";
				COPY_PHASE_STRIP = NO;
				CURRENT_PROJECT_VERSION = 1;
				DEBUG_INFORMATION_FORMAT = dwarf;
				ENABLE_STRICT_OBJC_MSGSEND = YES;
				ENABLE_TESTABILITY = YES;
				GCC_C_LANGUAGE_STANDARD = gnu99;
				GCC_DYNAMIC_NO_PIC = NO;
				GCC_NO_COMMON_BLOCKS = YES;
				GCC_OPTIMIZATION_LEVEL = 0;
				GCC_PREPROCESSOR_DEFINITIONS = (
					"DEBUG=1",
					"$(inherited)",
				);
				GCC_WARN_64_TO_32_BIT_CONVERSION = YES;
				GCC_WARN_ABOUT_RETURN_TYPE = YES_ERROR;
				GCC_WARN_UNDECLARED_SELECTOR = YES;
				GCC_WARN_UNINITIALIZED_AUTOS = YES_AGGRESSIVE;
				GCC_WARN_UNUSED_FUNCTION = YES;
				GCC_WARN_UNUSED_VARIABLE = YES;
				IPHONEOS_DEPLOYMENT_TARGET = 10.0;
				MTL_ENABLE_DEBUG_INFO = YES;
				ONLY_ACTIVE_ARCH = YES;
				SDKROOT = iphoneos;
				SWIFT_ACTIVE_COMPILATION_CONDITIONS = DEBUG;
				SWIFT_OPTIMIZATION_LEVEL = "-Onone";
				TARGETED_DEVICE_FAMILY = "1,2";
				VERSIONING_SYSTEM = "apple-generic";
				VERSION_INFO_PREFIX = "";
			};
			name = Debug;
		};
		65C051CA1D58ABAD0008892C /* Release */ = {
			isa = XCBuildConfiguration;
			buildSettings = {
				ALWAYS_SEARCH_USER_PATHS = NO;
				CLANG_ANALYZER_NONNULL = YES;
				CLANG_CXX_LANGUAGE_STANDARD = "gnu++0x";
				CLANG_CXX_LIBRARY = "libc++";
				CLANG_ENABLE_MODULES = YES;
				CLANG_ENABLE_OBJC_ARC = YES;
				CLANG_WARN_BOOL_CONVERSION = YES;
				CLANG_WARN_CONSTANT_CONVERSION = YES;
				CLANG_WARN_DIRECT_OBJC_ISA_USAGE = YES_ERROR;
				CLANG_WARN_DOCUMENTATION_COMMENTS = YES;
				CLANG_WARN_EMPTY_BODY = YES;
				CLANG_WARN_ENUM_CONVERSION = YES;
				CLANG_WARN_INFINITE_RECURSION = YES;
				CLANG_WARN_INT_CONVERSION = YES;
				CLANG_WARN_OBJC_ROOT_CLASS = YES_ERROR;
				CLANG_WARN_SUSPICIOUS_MOVES = YES;
				CLANG_WARN_UNREACHABLE_CODE = YES;
				CLANG_WARN__DUPLICATE_METHOD_MATCH = YES;
				"CODE_SIGN_IDENTITY[sdk=iphoneos*]" = "iPhone Developer";
				COPY_PHASE_STRIP = NO;
				CURRENT_PROJECT_VERSION = 1;
				DEBUG_INFORMATION_FORMAT = "dwarf-with-dsym";
				ENABLE_NS_ASSERTIONS = NO;
				ENABLE_STRICT_OBJC_MSGSEND = YES;
				GCC_C_LANGUAGE_STANDARD = gnu99;
				GCC_NO_COMMON_BLOCKS = YES;
				GCC_WARN_64_TO_32_BIT_CONVERSION = YES;
				GCC_WARN_ABOUT_RETURN_TYPE = YES_ERROR;
				GCC_WARN_UNDECLARED_SELECTOR = YES;
				GCC_WARN_UNINITIALIZED_AUTOS = YES_AGGRESSIVE;
				GCC_WARN_UNUSED_FUNCTION = YES;
				GCC_WARN_UNUSED_VARIABLE = YES;
				IPHONEOS_DEPLOYMENT_TARGET = 10.0;
				MTL_ENABLE_DEBUG_INFO = NO;
				SDKROOT = iphoneos;
				SWIFT_OPTIMIZATION_LEVEL = "-Owholemodule";
				TARGETED_DEVICE_FAMILY = "1,2";
				VALIDATE_PRODUCT = YES;
				VERSIONING_SYSTEM = "apple-generic";
				VERSION_INFO_PREFIX = "";
			};
			name = Release;
		};
		65C051D81D58ABE80008892C /* Debug */ = {
			isa = XCBuildConfiguration;
			buildSettings = {
				DEVELOPMENT_TEAM = M54ZVB688G;
				INFOPLIST_FILE = AcceptanceMarkDemoTests/Info.plist;
				LD_RUNPATH_SEARCH_PATHS = "$(inherited) @executable_path/Frameworks @loader_path/Frameworks";
				PRODUCT_BUNDLE_IDENTIFIER = com.musevisions.iOS.AcceptanceMarkDemoTests;
				PRODUCT_NAME = "$(TARGET_NAME)";
				SWIFT_VERSION = 3.0;
				TEST_HOST = "$(BUILT_PRODUCTS_DIR)/AcceptanceMarkDemo.app/AcceptanceMarkDemo";
			};
			name = Debug;
		};
		65C051D91D58ABE80008892C /* Release */ = {
			isa = XCBuildConfiguration;
			buildSettings = {
				DEVELOPMENT_TEAM = M54ZVB688G;
				INFOPLIST_FILE = AcceptanceMarkDemoTests/Info.plist;
				LD_RUNPATH_SEARCH_PATHS = "$(inherited) @executable_path/Frameworks @loader_path/Frameworks";
				PRODUCT_BUNDLE_IDENTIFIER = com.musevisions.iOS.AcceptanceMarkDemoTests;
				PRODUCT_NAME = "$(TARGET_NAME)";
				SWIFT_VERSION = 3.0;
				TEST_HOST = "$(BUILT_PRODUCTS_DIR)/AcceptanceMarkDemo.app/AcceptanceMarkDemo";
			};
			name = Release;
		};
		65C051F21D58AC330008892C /* Debug */ = {
			isa = XCBuildConfiguration;
			buildSettings = {
				ASSETCATALOG_COMPILER_APPICON_NAME = AppIcon;
				DEVELOPMENT_TEAM = M54ZVB688G;
				INFOPLIST_FILE = AcceptanceMarkDemo/Info.plist;
				LD_RUNPATH_SEARCH_PATHS = "$(inherited) @executable_path/Frameworks";
				PRODUCT_BUNDLE_IDENTIFIER = com.musevisions.iOS.AcceptanceMarkDemo;
				PRODUCT_NAME = "$(TARGET_NAME)";
				SWIFT_VERSION = 3.0;
			};
			name = Debug;
		};
		65C051F31D58AC330008892C /* Release */ = {
			isa = XCBuildConfiguration;
			buildSettings = {
				ASSETCATALOG_COMPILER_APPICON_NAME = AppIcon;
				DEVELOPMENT_TEAM = M54ZVB688G;
				INFOPLIST_FILE = AcceptanceMarkDemo/Info.plist;
				LD_RUNPATH_SEARCH_PATHS = "$(inherited) @executable_path/Frameworks";
				PRODUCT_BUNDLE_IDENTIFIER = com.musevisions.iOS.AcceptanceMarkDemo;
				PRODUCT_NAME = "$(TARGET_NAME)";
				SWIFT_VERSION = 3.0;
			};
			name = Release;
		};
/* End XCBuildConfiguration section */

/* Begin XCConfigurationList section */
		65BCCFEB1D59E7E30062E238 /* Build configuration list for PBXNativeTarget "amtool" */ = {
			isa = XCConfigurationList;
			buildConfigurations = (
				65BCCFEC1D59E7E30062E238 /* Debug */,
				65BCCFED1D59E7E30062E238 /* Release */,
			);
			defaultConfigurationIsVisible = 0;
			defaultConfigurationName = Release;
		};
		65C051BD1D58ABAD0008892C /* Build configuration list for PBXProject "AcceptanceMark" */ = {
			isa = XCConfigurationList;
			buildConfigurations = (
				65C051C91D58ABAD0008892C /* Debug */,
				65C051CA1D58ABAD0008892C /* Release */,
			);
			defaultConfigurationIsVisible = 0;
			defaultConfigurationName = Release;
		};
		65C051D71D58ABE80008892C /* Build configuration list for PBXNativeTarget "AcceptanceMarkDemoTests" */ = {
			isa = XCConfigurationList;
			buildConfigurations = (
				65C051D81D58ABE80008892C /* Debug */,
				65C051D91D58ABE80008892C /* Release */,
			);
			defaultConfigurationIsVisible = 0;
			defaultConfigurationName = Release;
		};
		65C051F11D58AC330008892C /* Build configuration list for PBXNativeTarget "AcceptanceMarkDemo" */ = {
			isa = XCConfigurationList;
			buildConfigurations = (
				65C051F21D58AC330008892C /* Debug */,
				65C051F31D58AC330008892C /* Release */,
			);
			defaultConfigurationIsVisible = 0;
			defaultConfigurationName = Release;
		};
/* End XCConfigurationList section */
	};
	rootObject = 65C051BA1D58ABAD0008892C /* Project object */;
}
